// !$*UTF8*$!
{
	archiveVersion = 1;
	classes = {
	};
	objectVersion = 56;
	objects = {

/* Begin PBXBuildFile section */
		1F2BF17CD753F5C41E18D6DB /* Pods_check_it.framework in Frameworks */ = {isa = PBXBuildFile; fileRef = A8EA7314B1C1C4C8A831E1C3 /* Pods_check_it.framework */; };
		3D5B5D49DDA9EF3E4C7A369C /* Pods_check_itTests.framework in Frameworks */ = {isa = PBXBuildFile; fileRef = E9C5499D92CCA51A05193156 /* Pods_check_itTests.framework */; };
		5BC2EEBD5E13CA3C282AE40B /* Pods_check_it_check_itUITests.framework in Frameworks */ = {isa = PBXBuildFile; fileRef = 7A0FCF079B4B3A69406F1428 /* Pods_check_it_check_itUITests.framework */; };
		7E3F3D032B43736C00AB7559 /* SplashRouter.swift in Sources */ = {isa = PBXBuildFile; fileRef = 7E3F3D022B43736C00AB7559 /* SplashRouter.swift */; };
		7E3F3D052B43737600AB7559 /* SplashInteractor.swift in Sources */ = {isa = PBXBuildFile; fileRef = 7E3F3D042B43737600AB7559 /* SplashInteractor.swift */; };
		7E3F3D072B43738100AB7559 /* SplashPresenter.swift in Sources */ = {isa = PBXBuildFile; fileRef = 7E3F3D062B43738100AB7559 /* SplashPresenter.swift */; };
		7E3F3D0A2B4373CB00AB7559 /* OnboardingRouter.swift in Sources */ = {isa = PBXBuildFile; fileRef = 7E3F3D092B4373CB00AB7559 /* OnboardingRouter.swift */; };
		7E3F3D0C2B4373D500AB7559 /* OnboardingInteractor.swift in Sources */ = {isa = PBXBuildFile; fileRef = 7E3F3D0B2B4373D500AB7559 /* OnboardingInteractor.swift */; };
		7E3F3D0E2B4373DE00AB7559 /* OnboardingPresenter.swift in Sources */ = {isa = PBXBuildFile; fileRef = 7E3F3D0D2B4373DE00AB7559 /* OnboardingPresenter.swift */; };
		7E3F3D122B4373FE00AB7559 /* UserListRouter.swift in Sources */ = {isa = PBXBuildFile; fileRef = 7E3F3D112B4373FE00AB7559 /* UserListRouter.swift */; };
		7E3F3D142B43741A00AB7559 /* UserListInteractor.swift in Sources */ = {isa = PBXBuildFile; fileRef = 7E3F3D132B43741A00AB7559 /* UserListInteractor.swift */; };
		7E3F3D162B43742400AB7559 /* UserListPresenter.swift in Sources */ = {isa = PBXBuildFile; fileRef = 7E3F3D152B43742400AB7559 /* UserListPresenter.swift */; };
		7E3F3D182B43743200AB7559 /* UserDetailsRouter.swift in Sources */ = {isa = PBXBuildFile; fileRef = 7E3F3D172B43743200AB7559 /* UserDetailsRouter.swift */; };
		7E3F3D1A2B43743E00AB7559 /* UserDetailsInteractor.swift in Sources */ = {isa = PBXBuildFile; fileRef = 7E3F3D192B43743E00AB7559 /* UserDetailsInteractor.swift */; };
		7E3F3D1C2B43744A00AB7559 /* UserDetailsPresenter.swift in Sources */ = {isa = PBXBuildFile; fileRef = 7E3F3D1B2B43744A00AB7559 /* UserDetailsPresenter.swift */; };
		7E3F3D1F2B43751700AB7559 /* OnboardingViewController.swift in Sources */ = {isa = PBXBuildFile; fileRef = 7E3F3D1E2B43751700AB7559 /* OnboardingViewController.swift */; };
		7E3F3D222B4375A200AB7559 /* GithubRepository.swift in Sources */ = {isa = PBXBuildFile; fileRef = 7E3F3D212B4375A200AB7559 /* GithubRepository.swift */; };
		7E3F3D242B4375AB00AB7559 /* GithubRepositoryImpl.swift in Sources */ = {isa = PBXBuildFile; fileRef = 7E3F3D232B4375AB00AB7559 /* GithubRepositoryImpl.swift */; };
		7E3F3D2A2B43761700AB7559 /* HTTPClientImpl.swift in Sources */ = {isa = PBXBuildFile; fileRef = 7E3F3D292B43761700AB7559 /* HTTPClientImpl.swift */; };
		7E3F3D2C2B43762400AB7559 /* HTTPClient.swift in Sources */ = {isa = PBXBuildFile; fileRef = 7E3F3D2B2B43762400AB7559 /* HTTPClient.swift */; };
		7E3F3D2E2B43763200AB7559 /* LocalStorage.swift in Sources */ = {isa = PBXBuildFile; fileRef = 7E3F3D2D2B43763200AB7559 /* LocalStorage.swift */; };
		7E3F3D302B43763A00AB7559 /* LocalStorageImpl.swift in Sources */ = {isa = PBXBuildFile; fileRef = 7E3F3D2F2B43763A00AB7559 /* LocalStorageImpl.swift */; };
		7E3F3D342B4376A200AB7559 /* GithubAPI.swift in Sources */ = {isa = PBXBuildFile; fileRef = 7E3F3D332B4376A200AB7559 /* GithubAPI.swift */; };
		7E3F3D362B43778F00AB7559 /* RepositoryProvider.swift in Sources */ = {isa = PBXBuildFile; fileRef = 7E3F3D352B43778F00AB7559 /* RepositoryProvider.swift */; };
		7E3F3D382B4377A900AB7559 /* AppRouter.swift in Sources */ = {isa = PBXBuildFile; fileRef = 7E3F3D372B4377A900AB7559 /* AppRouter.swift */; };
		7E3F3D3A2B4377D600AB7559 /* Environment.swift in Sources */ = {isa = PBXBuildFile; fileRef = 7E3F3D392B4377D600AB7559 /* Environment.swift */; };
		7E3F3D3C2B43782B00AB7559 /* HTTPConstants.swift in Sources */ = {isa = PBXBuildFile; fileRef = 7E3F3D3B2B43782B00AB7559 /* HTTPConstants.swift */; };
		7E3F3D3F2B4383FB00AB7559 /* OnboardingData.swift in Sources */ = {isa = PBXBuildFile; fileRef = 7E3F3D3E2B4383FB00AB7559 /* OnboardingData.swift */; };
		7E3F3D412B43840500AB7559 /* OnboardingInfoList.swift in Sources */ = {isa = PBXBuildFile; fileRef = 7E3F3D402B43840500AB7559 /* OnboardingInfoList.swift */; };
		7E3F3D442B43878800AB7559 /* Assets.swift in Sources */ = {isa = PBXBuildFile; fileRef = 7E3F3D422B43878800AB7559 /* Assets.swift */; };
		7E3F3D452B43878800AB7559 /* Fonts.swift in Sources */ = {isa = PBXBuildFile; fileRef = 7E3F3D432B43878800AB7559 /* Fonts.swift */; };
		7E3F3D472B43880300AB7559 /* SplashViewController.swift in Sources */ = {isa = PBXBuildFile; fileRef = 7E3F3D462B43880300AB7559 /* SplashViewController.swift */; };
		7E3F3D4B2B43AB4100AB7559 /* OnboardingViewController+UIPageViewController.swift in Sources */ = {isa = PBXBuildFile; fileRef = 7E3F3D4A2B43AB4100AB7559 /* OnboardingViewController+UIPageViewController.swift */; };
		7E3F3D4D2B43B3D300AB7559 /* UserListHeaderView.swift in Sources */ = {isa = PBXBuildFile; fileRef = 7E3F3D4C2B43B3D300AB7559 /* UserListHeaderView.swift */; };
		7E3F3D4F2B43BB0900AB7559 /* UserListTableViewCell.swift in Sources */ = {isa = PBXBuildFile; fileRef = 7E3F3D4E2B43BB0900AB7559 /* UserListTableViewCell.swift */; };
		7E3F3D512B441E2000AB7559 /* UserDetailsHeaderView.swift in Sources */ = {isa = PBXBuildFile; fileRef = 7E3F3D502B441E2000AB7559 /* UserDetailsHeaderView.swift */; };
		7E3F3D532B44222A00AB7559 /* UserDetailsRecentRepositoriesView.swift in Sources */ = {isa = PBXBuildFile; fileRef = 7E3F3D522B44222A00AB7559 /* UserDetailsRecentRepositoriesView.swift */; };
		7E3F3D552B4422F800AB7559 /* UserDetailsDescriptionView.swift in Sources */ = {isa = PBXBuildFile; fileRef = 7E3F3D542B4422F800AB7559 /* UserDetailsDescriptionView.swift */; };
		7E3F3D572B44244800AB7559 /* UserRecentRepositoriesTableViewCell.swift in Sources */ = {isa = PBXBuildFile; fileRef = 7E3F3D562B44244800AB7559 /* UserRecentRepositoriesTableViewCell.swift */; };
		7E3F3D5A2B44355F00AB7559 /* APIError.swift in Sources */ = {isa = PBXBuildFile; fileRef = 7E3F3D592B44355F00AB7559 /* APIError.swift */; };
		7E3F3D5C2B443DAB00AB7559 /* UIColor+Extensions.swift in Sources */ = {isa = PBXBuildFile; fileRef = 7E3F3D5B2B443DAB00AB7559 /* UIColor+Extensions.swift */; };
		7E80C0CE2B4320CA000679ED /* AppDelegate.swift in Sources */ = {isa = PBXBuildFile; fileRef = 7E80C0CD2B4320CA000679ED /* AppDelegate.swift */; };
		7E80C0D02B4320CA000679ED /* SceneDelegate.swift in Sources */ = {isa = PBXBuildFile; fileRef = 7E80C0CF2B4320CA000679ED /* SceneDelegate.swift */; };
		7E80C0D72B4320CB000679ED /* Assets.xcassets in Resources */ = {isa = PBXBuildFile; fileRef = 7E80C0D62B4320CB000679ED /* Assets.xcassets */; };
		7E80C0DA2B4320CB000679ED /* LaunchScreen.storyboard in Resources */ = {isa = PBXBuildFile; fileRef = 7E80C0D82B4320CB000679ED /* LaunchScreen.storyboard */; };
		7E80C0E52B4320CB000679ED /* check_itTests.swift in Sources */ = {isa = PBXBuildFile; fileRef = 7E80C0E42B4320CB000679ED /* check_itTests.swift */; };
		7E80C0EF2B4320CB000679ED /* check_itUITests.swift in Sources */ = {isa = PBXBuildFile; fileRef = 7E80C0EE2B4320CB000679ED /* check_itUITests.swift */; };
		7E80C0F12B4320CB000679ED /* check_itUITestsLaunchTests.swift in Sources */ = {isa = PBXBuildFile; fileRef = 7E80C0F02B4320CB000679ED /* check_itUITestsLaunchTests.swift */; };
		7E80C1082B432142000679ED /* OnboardingItemsViewController.swift in Sources */ = {isa = PBXBuildFile; fileRef = 7E80C1072B432142000679ED /* OnboardingItemsViewController.swift */; };
		7E80C10F2B432173000679ED /* UserDetailsViewController.swift in Sources */ = {isa = PBXBuildFile; fileRef = 7E80C10E2B432173000679ED /* UserDetailsViewController.swift */; };
		7E80C1112B43217B000679ED /* UserListViewController.swift in Sources */ = {isa = PBXBuildFile; fileRef = 7E80C1102B43217B000679ED /* UserListViewController.swift */; };
		7E80C1162B4321D4000679ED /* Colors.xcassets in Resources */ = {isa = PBXBuildFile; fileRef = 7E80C1152B4321D4000679ED /* Colors.xcassets */; };
		7E80C1292B4322AA000679ED /* NunitoSans_7pt-Italic.ttf in Resources */ = {isa = PBXBuildFile; fileRef = 7E80C1192B4322A9000679ED /* NunitoSans_7pt-Italic.ttf */; };
		7E80C12A2B4322AA000679ED /* NunitoSans_7pt-Light.ttf in Resources */ = {isa = PBXBuildFile; fileRef = 7E80C11A2B4322A9000679ED /* NunitoSans_7pt-Light.ttf */; };
		7E80C12B2B4322AA000679ED /* NunitoSans_7pt-ExtraBold.ttf in Resources */ = {isa = PBXBuildFile; fileRef = 7E80C11B2B4322A9000679ED /* NunitoSans_7pt-ExtraBold.ttf */; };
		7E80C12C2B4322AA000679ED /* NunitoSans_7pt-Bold.ttf in Resources */ = {isa = PBXBuildFile; fileRef = 7E80C11C2B4322A9000679ED /* NunitoSans_7pt-Bold.ttf */; };
		7E80C12D2B4322AA000679ED /* NunitoSans_7pt-LightItalic.ttf in Resources */ = {isa = PBXBuildFile; fileRef = 7E80C11D2B4322A9000679ED /* NunitoSans_7pt-LightItalic.ttf */; };
		7E80C12E2B4322AA000679ED /* NunitoSans_7pt-BlackItalic.ttf in Resources */ = {isa = PBXBuildFile; fileRef = 7E80C11E2B4322AA000679ED /* NunitoSans_7pt-BlackItalic.ttf */; };
		7E80C12F2B4322AA000679ED /* NunitoSans_7pt-MediumItalic.ttf in Resources */ = {isa = PBXBuildFile; fileRef = 7E80C11F2B4322AA000679ED /* NunitoSans_7pt-MediumItalic.ttf */; };
		7E80C1302B4322AA000679ED /* NunitoSans_7pt-Medium.ttf in Resources */ = {isa = PBXBuildFile; fileRef = 7E80C1202B4322AA000679ED /* NunitoSans_7pt-Medium.ttf */; };
		7E80C1312B4322AA000679ED /* NunitoSans_7pt-Regular.ttf in Resources */ = {isa = PBXBuildFile; fileRef = 7E80C1212B4322AA000679ED /* NunitoSans_7pt-Regular.ttf */; };
		7E80C1322B4322AA000679ED /* NunitoSans_7pt-SemiBold.ttf in Resources */ = {isa = PBXBuildFile; fileRef = 7E80C1222B4322AA000679ED /* NunitoSans_7pt-SemiBold.ttf */; };
		7E80C1332B4322AA000679ED /* NunitoSans_7pt-ExtraLightItalic.ttf in Resources */ = {isa = PBXBuildFile; fileRef = 7E80C1232B4322AA000679ED /* NunitoSans_7pt-ExtraLightItalic.ttf */; };
		7E80C1342B4322AA000679ED /* NunitoSans_7pt-SemiBoldItalic.ttf in Resources */ = {isa = PBXBuildFile; fileRef = 7E80C1242B4322AA000679ED /* NunitoSans_7pt-SemiBoldItalic.ttf */; };
		7E80C1352B4322AA000679ED /* NunitoSans_7pt-Black.ttf in Resources */ = {isa = PBXBuildFile; fileRef = 7E80C1252B4322AA000679ED /* NunitoSans_7pt-Black.ttf */; };
		7E80C1362B4322AA000679ED /* NunitoSans_7pt-ExtraLight.ttf in Resources */ = {isa = PBXBuildFile; fileRef = 7E80C1262B4322AA000679ED /* NunitoSans_7pt-ExtraLight.ttf */; };
		7E80C1372B4322AA000679ED /* NunitoSans_7pt-BoldItalic.ttf in Resources */ = {isa = PBXBuildFile; fileRef = 7E80C1272B4322AA000679ED /* NunitoSans_7pt-BoldItalic.ttf */; };
		7E80C1382B4322AA000679ED /* NunitoSans_7pt-ExtraBoldItalic.ttf in Resources */ = {isa = PBXBuildFile; fileRef = 7E80C1282B4322AA000679ED /* NunitoSans_7pt-ExtraBoldItalic.ttf */; };
/* End PBXBuildFile section */

/* Begin PBXContainerItemProxy section */
		7E80C0E12B4320CB000679ED /* PBXContainerItemProxy */ = {
			isa = PBXContainerItemProxy;
			containerPortal = 7E80C0C22B4320CA000679ED /* Project object */;
			proxyType = 1;
			remoteGlobalIDString = 7E80C0C92B4320CA000679ED;
			remoteInfo = check_it;
		};
		7E80C0EB2B4320CB000679ED /* PBXContainerItemProxy */ = {
			isa = PBXContainerItemProxy;
			containerPortal = 7E80C0C22B4320CA000679ED /* Project object */;
			proxyType = 1;
			remoteGlobalIDString = 7E80C0C92B4320CA000679ED;
			remoteInfo = check_it;
		};
/* End PBXContainerItemProxy section */

/* Begin PBXFileReference section */
		7A0FCF079B4B3A69406F1428 /* Pods_check_it_check_itUITests.framework */ = {isa = PBXFileReference; explicitFileType = wrapper.framework; includeInIndex = 0; path = Pods_check_it_check_itUITests.framework; sourceTree = BUILT_PRODUCTS_DIR; };
		7CFDA3DE5CFDC0A34C72DE29 /* Pods-check_itTests.release.xcconfig */ = {isa = PBXFileReference; includeInIndex = 1; lastKnownFileType = text.xcconfig; name = "Pods-check_itTests.release.xcconfig"; path = "Target Support Files/Pods-check_itTests/Pods-check_itTests.release.xcconfig"; sourceTree = "<group>"; };
		7E3F3D022B43736C00AB7559 /* SplashRouter.swift */ = {isa = PBXFileReference; lastKnownFileType = sourcecode.swift; path = SplashRouter.swift; sourceTree = "<group>"; };
		7E3F3D042B43737600AB7559 /* SplashInteractor.swift */ = {isa = PBXFileReference; lastKnownFileType = sourcecode.swift; path = SplashInteractor.swift; sourceTree = "<group>"; };
		7E3F3D062B43738100AB7559 /* SplashPresenter.swift */ = {isa = PBXFileReference; lastKnownFileType = sourcecode.swift; path = SplashPresenter.swift; sourceTree = "<group>"; };
		7E3F3D092B4373CB00AB7559 /* OnboardingRouter.swift */ = {isa = PBXFileReference; lastKnownFileType = sourcecode.swift; path = OnboardingRouter.swift; sourceTree = "<group>"; };
		7E3F3D0B2B4373D500AB7559 /* OnboardingInteractor.swift */ = {isa = PBXFileReference; lastKnownFileType = sourcecode.swift; path = OnboardingInteractor.swift; sourceTree = "<group>"; };
		7E3F3D0D2B4373DE00AB7559 /* OnboardingPresenter.swift */ = {isa = PBXFileReference; lastKnownFileType = sourcecode.swift; path = OnboardingPresenter.swift; sourceTree = "<group>"; };
		7E3F3D112B4373FE00AB7559 /* UserListRouter.swift */ = {isa = PBXFileReference; lastKnownFileType = sourcecode.swift; path = UserListRouter.swift; sourceTree = "<group>"; };
		7E3F3D132B43741A00AB7559 /* UserListInteractor.swift */ = {isa = PBXFileReference; lastKnownFileType = sourcecode.swift; path = UserListInteractor.swift; sourceTree = "<group>"; };
		7E3F3D152B43742400AB7559 /* UserListPresenter.swift */ = {isa = PBXFileReference; lastKnownFileType = sourcecode.swift; path = UserListPresenter.swift; sourceTree = "<group>"; };
		7E3F3D172B43743200AB7559 /* UserDetailsRouter.swift */ = {isa = PBXFileReference; lastKnownFileType = sourcecode.swift; path = UserDetailsRouter.swift; sourceTree = "<group>"; };
		7E3F3D192B43743E00AB7559 /* UserDetailsInteractor.swift */ = {isa = PBXFileReference; lastKnownFileType = sourcecode.swift; path = UserDetailsInteractor.swift; sourceTree = "<group>"; };
		7E3F3D1B2B43744A00AB7559 /* UserDetailsPresenter.swift */ = {isa = PBXFileReference; lastKnownFileType = sourcecode.swift; path = UserDetailsPresenter.swift; sourceTree = "<group>"; };
		7E3F3D1E2B43751700AB7559 /* OnboardingViewController.swift */ = {isa = PBXFileReference; lastKnownFileType = sourcecode.swift; path = OnboardingViewController.swift; sourceTree = "<group>"; };
		7E3F3D212B4375A200AB7559 /* GithubRepository.swift */ = {isa = PBXFileReference; lastKnownFileType = sourcecode.swift; path = GithubRepository.swift; sourceTree = "<group>"; };
		7E3F3D232B4375AB00AB7559 /* GithubRepositoryImpl.swift */ = {isa = PBXFileReference; lastKnownFileType = sourcecode.swift; path = GithubRepositoryImpl.swift; sourceTree = "<group>"; };
		7E3F3D292B43761700AB7559 /* HTTPClientImpl.swift */ = {isa = PBXFileReference; lastKnownFileType = sourcecode.swift; path = HTTPClientImpl.swift; sourceTree = "<group>"; };
		7E3F3D2B2B43762400AB7559 /* HTTPClient.swift */ = {isa = PBXFileReference; lastKnownFileType = sourcecode.swift; path = HTTPClient.swift; sourceTree = "<group>"; };
		7E3F3D2D2B43763200AB7559 /* LocalStorage.swift */ = {isa = PBXFileReference; lastKnownFileType = sourcecode.swift; path = LocalStorage.swift; sourceTree = "<group>"; };
		7E3F3D2F2B43763A00AB7559 /* LocalStorageImpl.swift */ = {isa = PBXFileReference; lastKnownFileType = sourcecode.swift; path = LocalStorageImpl.swift; sourceTree = "<group>"; };
		7E3F3D332B4376A200AB7559 /* GithubAPI.swift */ = {isa = PBXFileReference; lastKnownFileType = sourcecode.swift; path = GithubAPI.swift; sourceTree = "<group>"; };
		7E3F3D352B43778F00AB7559 /* RepositoryProvider.swift */ = {isa = PBXFileReference; lastKnownFileType = sourcecode.swift; path = RepositoryProvider.swift; sourceTree = "<group>"; };
		7E3F3D372B4377A900AB7559 /* AppRouter.swift */ = {isa = PBXFileReference; lastKnownFileType = sourcecode.swift; path = AppRouter.swift; sourceTree = "<group>"; };
		7E3F3D392B4377D600AB7559 /* Environment.swift */ = {isa = PBXFileReference; lastKnownFileType = sourcecode.swift; path = Environment.swift; sourceTree = "<group>"; };
		7E3F3D3B2B43782B00AB7559 /* HTTPConstants.swift */ = {isa = PBXFileReference; lastKnownFileType = sourcecode.swift; path = HTTPConstants.swift; sourceTree = "<group>"; };
		7E3F3D3E2B4383FB00AB7559 /* OnboardingData.swift */ = {isa = PBXFileReference; lastKnownFileType = sourcecode.swift; path = OnboardingData.swift; sourceTree = "<group>"; };
		7E3F3D402B43840500AB7559 /* OnboardingInfoList.swift */ = {isa = PBXFileReference; lastKnownFileType = sourcecode.swift; path = OnboardingInfoList.swift; sourceTree = "<group>"; };
		7E3F3D422B43878800AB7559 /* Assets.swift */ = {isa = PBXFileReference; fileEncoding = 4; lastKnownFileType = sourcecode.swift; path = Assets.swift; sourceTree = "<group>"; };
		7E3F3D432B43878800AB7559 /* Fonts.swift */ = {isa = PBXFileReference; fileEncoding = 4; lastKnownFileType = sourcecode.swift; path = Fonts.swift; sourceTree = "<group>"; };
		7E3F3D462B43880300AB7559 /* SplashViewController.swift */ = {isa = PBXFileReference; fileEncoding = 4; lastKnownFileType = sourcecode.swift; path = SplashViewController.swift; sourceTree = "<group>"; };
		7E3F3D4A2B43AB4100AB7559 /* OnboardingViewController+UIPageViewController.swift */ = {isa = PBXFileReference; lastKnownFileType = sourcecode.swift; path = "OnboardingViewController+UIPageViewController.swift"; sourceTree = "<group>"; };
		7E3F3D4C2B43B3D300AB7559 /* UserListHeaderView.swift */ = {isa = PBXFileReference; lastKnownFileType = sourcecode.swift; path = UserListHeaderView.swift; sourceTree = "<group>"; };
		7E3F3D4E2B43BB0900AB7559 /* UserListTableViewCell.swift */ = {isa = PBXFileReference; lastKnownFileType = sourcecode.swift; path = UserListTableViewCell.swift; sourceTree = "<group>"; };
		7E3F3D502B441E2000AB7559 /* UserDetailsHeaderView.swift */ = {isa = PBXFileReference; lastKnownFileType = sourcecode.swift; path = UserDetailsHeaderView.swift; sourceTree = "<group>"; };
		7E3F3D522B44222A00AB7559 /* UserDetailsRecentRepositoriesView.swift */ = {isa = PBXFileReference; lastKnownFileType = sourcecode.swift; path = UserDetailsRecentRepositoriesView.swift; sourceTree = "<group>"; };
		7E3F3D542B4422F800AB7559 /* UserDetailsDescriptionView.swift */ = {isa = PBXFileReference; lastKnownFileType = sourcecode.swift; path = UserDetailsDescriptionView.swift; sourceTree = "<group>"; };
		7E3F3D562B44244800AB7559 /* UserRecentRepositoriesTableViewCell.swift */ = {isa = PBXFileReference; lastKnownFileType = sourcecode.swift; path = UserRecentRepositoriesTableViewCell.swift; sourceTree = "<group>"; };
		7E3F3D592B44355F00AB7559 /* APIError.swift */ = {isa = PBXFileReference; lastKnownFileType = sourcecode.swift; path = APIError.swift; sourceTree = "<group>"; };
		7E3F3D5B2B443DAB00AB7559 /* UIColor+Extensions.swift */ = {isa = PBXFileReference; lastKnownFileType = sourcecode.swift; path = "UIColor+Extensions.swift"; sourceTree = "<group>"; };
		7E80C0CA2B4320CA000679ED /* check_it.app */ = {isa = PBXFileReference; explicitFileType = wrapper.application; includeInIndex = 0; path = check_it.app; sourceTree = BUILT_PRODUCTS_DIR; };
		7E80C0CD2B4320CA000679ED /* AppDelegate.swift */ = {isa = PBXFileReference; lastKnownFileType = sourcecode.swift; path = AppDelegate.swift; sourceTree = "<group>"; };
		7E80C0CF2B4320CA000679ED /* SceneDelegate.swift */ = {isa = PBXFileReference; lastKnownFileType = sourcecode.swift; path = SceneDelegate.swift; sourceTree = "<group>"; };
		7E80C0D62B4320CB000679ED /* Assets.xcassets */ = {isa = PBXFileReference; lastKnownFileType = folder.assetcatalog; path = Assets.xcassets; sourceTree = "<group>"; };
		7E80C0D92B4320CB000679ED /* Base */ = {isa = PBXFileReference; lastKnownFileType = file.storyboard; name = Base; path = Base.lproj/LaunchScreen.storyboard; sourceTree = "<group>"; };
		7E80C0DB2B4320CB000679ED /* Info.plist */ = {isa = PBXFileReference; lastKnownFileType = text.plist.xml; path = Info.plist; sourceTree = "<group>"; };
		7E80C0E02B4320CB000679ED /* check_itTests.xctest */ = {isa = PBXFileReference; explicitFileType = wrapper.cfbundle; includeInIndex = 0; path = check_itTests.xctest; sourceTree = BUILT_PRODUCTS_DIR; };
		7E80C0E42B4320CB000679ED /* check_itTests.swift */ = {isa = PBXFileReference; lastKnownFileType = sourcecode.swift; path = check_itTests.swift; sourceTree = "<group>"; };
		7E80C0EA2B4320CB000679ED /* check_itUITests.xctest */ = {isa = PBXFileReference; explicitFileType = wrapper.cfbundle; includeInIndex = 0; path = check_itUITests.xctest; sourceTree = BUILT_PRODUCTS_DIR; };
		7E80C0EE2B4320CB000679ED /* check_itUITests.swift */ = {isa = PBXFileReference; lastKnownFileType = sourcecode.swift; path = check_itUITests.swift; sourceTree = "<group>"; };
		7E80C0F02B4320CB000679ED /* check_itUITestsLaunchTests.swift */ = {isa = PBXFileReference; lastKnownFileType = sourcecode.swift; path = check_itUITestsLaunchTests.swift; sourceTree = "<group>"; };
		7E80C1072B432142000679ED /* OnboardingItemsViewController.swift */ = {isa = PBXFileReference; lastKnownFileType = sourcecode.swift; path = OnboardingItemsViewController.swift; sourceTree = "<group>"; };
		7E80C10E2B432173000679ED /* UserDetailsViewController.swift */ = {isa = PBXFileReference; lastKnownFileType = sourcecode.swift; path = UserDetailsViewController.swift; sourceTree = "<group>"; };
		7E80C1102B43217B000679ED /* UserListViewController.swift */ = {isa = PBXFileReference; lastKnownFileType = sourcecode.swift; path = UserListViewController.swift; sourceTree = "<group>"; };
		7E80C1152B4321D4000679ED /* Colors.xcassets */ = {isa = PBXFileReference; lastKnownFileType = folder.assetcatalog; path = Colors.xcassets; sourceTree = "<group>"; };
		7E80C1192B4322A9000679ED /* NunitoSans_7pt-Italic.ttf */ = {isa = PBXFileReference; lastKnownFileType = file; path = "NunitoSans_7pt-Italic.ttf"; sourceTree = "<group>"; };
		7E80C11A2B4322A9000679ED /* NunitoSans_7pt-Light.ttf */ = {isa = PBXFileReference; lastKnownFileType = file; path = "NunitoSans_7pt-Light.ttf"; sourceTree = "<group>"; };
		7E80C11B2B4322A9000679ED /* NunitoSans_7pt-ExtraBold.ttf */ = {isa = PBXFileReference; lastKnownFileType = file; path = "NunitoSans_7pt-ExtraBold.ttf"; sourceTree = "<group>"; };
		7E80C11C2B4322A9000679ED /* NunitoSans_7pt-Bold.ttf */ = {isa = PBXFileReference; lastKnownFileType = file; path = "NunitoSans_7pt-Bold.ttf"; sourceTree = "<group>"; };
		7E80C11D2B4322A9000679ED /* NunitoSans_7pt-LightItalic.ttf */ = {isa = PBXFileReference; lastKnownFileType = file; path = "NunitoSans_7pt-LightItalic.ttf"; sourceTree = "<group>"; };
		7E80C11E2B4322AA000679ED /* NunitoSans_7pt-BlackItalic.ttf */ = {isa = PBXFileReference; lastKnownFileType = file; path = "NunitoSans_7pt-BlackItalic.ttf"; sourceTree = "<group>"; };
		7E80C11F2B4322AA000679ED /* NunitoSans_7pt-MediumItalic.ttf */ = {isa = PBXFileReference; lastKnownFileType = file; path = "NunitoSans_7pt-MediumItalic.ttf"; sourceTree = "<group>"; };
		7E80C1202B4322AA000679ED /* NunitoSans_7pt-Medium.ttf */ = {isa = PBXFileReference; lastKnownFileType = file; path = "NunitoSans_7pt-Medium.ttf"; sourceTree = "<group>"; };
		7E80C1212B4322AA000679ED /* NunitoSans_7pt-Regular.ttf */ = {isa = PBXFileReference; lastKnownFileType = file; path = "NunitoSans_7pt-Regular.ttf"; sourceTree = "<group>"; };
		7E80C1222B4322AA000679ED /* NunitoSans_7pt-SemiBold.ttf */ = {isa = PBXFileReference; lastKnownFileType = file; path = "NunitoSans_7pt-SemiBold.ttf"; sourceTree = "<group>"; };
		7E80C1232B4322AA000679ED /* NunitoSans_7pt-ExtraLightItalic.ttf */ = {isa = PBXFileReference; lastKnownFileType = file; path = "NunitoSans_7pt-ExtraLightItalic.ttf"; sourceTree = "<group>"; };
		7E80C1242B4322AA000679ED /* NunitoSans_7pt-SemiBoldItalic.ttf */ = {isa = PBXFileReference; lastKnownFileType = file; path = "NunitoSans_7pt-SemiBoldItalic.ttf"; sourceTree = "<group>"; };
		7E80C1252B4322AA000679ED /* NunitoSans_7pt-Black.ttf */ = {isa = PBXFileReference; lastKnownFileType = file; path = "NunitoSans_7pt-Black.ttf"; sourceTree = "<group>"; };
		7E80C1262B4322AA000679ED /* NunitoSans_7pt-ExtraLight.ttf */ = {isa = PBXFileReference; lastKnownFileType = file; path = "NunitoSans_7pt-ExtraLight.ttf"; sourceTree = "<group>"; };
		7E80C1272B4322AA000679ED /* NunitoSans_7pt-BoldItalic.ttf */ = {isa = PBXFileReference; lastKnownFileType = file; path = "NunitoSans_7pt-BoldItalic.ttf"; sourceTree = "<group>"; };
		7E80C1282B4322AA000679ED /* NunitoSans_7pt-ExtraBoldItalic.ttf */ = {isa = PBXFileReference; lastKnownFileType = file; path = "NunitoSans_7pt-ExtraBoldItalic.ttf"; sourceTree = "<group>"; };
		A8EA7314B1C1C4C8A831E1C3 /* Pods_check_it.framework */ = {isa = PBXFileReference; explicitFileType = wrapper.framework; includeInIndex = 0; path = Pods_check_it.framework; sourceTree = BUILT_PRODUCTS_DIR; };
		B201BEB3F904CDE3CD4F70B3 /* Pods-check_it.debug.xcconfig */ = {isa = PBXFileReference; includeInIndex = 1; lastKnownFileType = text.xcconfig; name = "Pods-check_it.debug.xcconfig"; path = "Target Support Files/Pods-check_it/Pods-check_it.debug.xcconfig"; sourceTree = "<group>"; };
		B5636720B59A00969A7DA766 /* Pods-check_it-check_itUITests.debug.xcconfig */ = {isa = PBXFileReference; includeInIndex = 1; lastKnownFileType = text.xcconfig; name = "Pods-check_it-check_itUITests.debug.xcconfig"; path = "Target Support Files/Pods-check_it-check_itUITests/Pods-check_it-check_itUITests.debug.xcconfig"; sourceTree = "<group>"; };
		B786DEA023C0EACFB3ABA636 /* Pods-check_it-check_itUITests.release.xcconfig */ = {isa = PBXFileReference; includeInIndex = 1; lastKnownFileType = text.xcconfig; name = "Pods-check_it-check_itUITests.release.xcconfig"; path = "Target Support Files/Pods-check_it-check_itUITests/Pods-check_it-check_itUITests.release.xcconfig"; sourceTree = "<group>"; };
		E5B2E0C79DF4CC08CC1ACA4D /* Pods-check_it.release.xcconfig */ = {isa = PBXFileReference; includeInIndex = 1; lastKnownFileType = text.xcconfig; name = "Pods-check_it.release.xcconfig"; path = "Target Support Files/Pods-check_it/Pods-check_it.release.xcconfig"; sourceTree = "<group>"; };
		E9C5499D92CCA51A05193156 /* Pods_check_itTests.framework */ = {isa = PBXFileReference; explicitFileType = wrapper.framework; includeInIndex = 0; path = Pods_check_itTests.framework; sourceTree = BUILT_PRODUCTS_DIR; };
		EE9BF8786F55DF372064C85F /* Pods-check_itTests.debug.xcconfig */ = {isa = PBXFileReference; includeInIndex = 1; lastKnownFileType = text.xcconfig; name = "Pods-check_itTests.debug.xcconfig"; path = "Target Support Files/Pods-check_itTests/Pods-check_itTests.debug.xcconfig"; sourceTree = "<group>"; };
/* End PBXFileReference section */

/* Begin PBXFrameworksBuildPhase section */
		7E80C0C72B4320CA000679ED /* Frameworks */ = {
			isa = PBXFrameworksBuildPhase;
			buildActionMask = 2147483647;
			files = (
				1F2BF17CD753F5C41E18D6DB /* Pods_check_it.framework in Frameworks */,
			);
			runOnlyForDeploymentPostprocessing = 0;
		};
		7E80C0DD2B4320CB000679ED /* Frameworks */ = {
			isa = PBXFrameworksBuildPhase;
			buildActionMask = 2147483647;
			files = (
				3D5B5D49DDA9EF3E4C7A369C /* Pods_check_itTests.framework in Frameworks */,
			);
			runOnlyForDeploymentPostprocessing = 0;
		};
		7E80C0E72B4320CB000679ED /* Frameworks */ = {
			isa = PBXFrameworksBuildPhase;
			buildActionMask = 2147483647;
			files = (
				5BC2EEBD5E13CA3C282AE40B /* Pods_check_it_check_itUITests.framework in Frameworks */,
			);
			runOnlyForDeploymentPostprocessing = 0;
		};
/* End PBXFrameworksBuildPhase section */

/* Begin PBXGroup section */
		21D6B24C19CBB97DA016AE19 /* Frameworks */ = {
			isa = PBXGroup;
			children = (
				A8EA7314B1C1C4C8A831E1C3 /* Pods_check_it.framework */,
				7A0FCF079B4B3A69406F1428 /* Pods_check_it_check_itUITests.framework */,
				E9C5499D92CCA51A05193156 /* Pods_check_itTests.framework */,
			);
			name = Frameworks;
			sourceTree = "<group>";
		};
		550077FF251324D96002C796 /* Pods */ = {
			isa = PBXGroup;
			children = (
				B201BEB3F904CDE3CD4F70B3 /* Pods-check_it.debug.xcconfig */,
				E5B2E0C79DF4CC08CC1ACA4D /* Pods-check_it.release.xcconfig */,
				B5636720B59A00969A7DA766 /* Pods-check_it-check_itUITests.debug.xcconfig */,
				B786DEA023C0EACFB3ABA636 /* Pods-check_it-check_itUITests.release.xcconfig */,
				EE9BF8786F55DF372064C85F /* Pods-check_itTests.debug.xcconfig */,
				7CFDA3DE5CFDC0A34C72DE29 /* Pods-check_itTests.release.xcconfig */,
			);
			path = Pods;
			sourceTree = "<group>";
		};
		7E3F3D012B43734600AB7559 /* Components */ = {
			isa = PBXGroup;
			children = (
				7E3F3D022B43736C00AB7559 /* SplashRouter.swift */,
				7E3F3D042B43737600AB7559 /* SplashInteractor.swift */,
				7E3F3D062B43738100AB7559 /* SplashPresenter.swift */,
			);
			path = Components;
			sourceTree = "<group>";
		};
		7E3F3D082B4373AE00AB7559 /* Components */ = {
			isa = PBXGroup;
			children = (
				7E3F3D092B4373CB00AB7559 /* OnboardingRouter.swift */,
				7E3F3D0B2B4373D500AB7559 /* OnboardingInteractor.swift */,
				7E3F3D0D2B4373DE00AB7559 /* OnboardingPresenter.swift */,
			);
			path = Components;
			sourceTree = "<group>";
		};
		7E3F3D0F2B4373E500AB7559 /* Components */ = {
			isa = PBXGroup;
			children = (
				7E3F3D112B4373FE00AB7559 /* UserListRouter.swift */,
				7E3F3D132B43741A00AB7559 /* UserListInteractor.swift */,
				7E3F3D152B43742400AB7559 /* UserListPresenter.swift */,
			);
			path = Components;
			sourceTree = "<group>";
		};
		7E3F3D102B4373EC00AB7559 /* Components */ = {
			isa = PBXGroup;
			children = (
				7E3F3D172B43743200AB7559 /* UserDetailsRouter.swift */,
				7E3F3D192B43743E00AB7559 /* UserDetailsInteractor.swift */,
				7E3F3D1B2B43744A00AB7559 /* UserDetailsPresenter.swift */,
			);
			path = Components;
			sourceTree = "<group>";
		};
		7E3F3D1D2B43749F00AB7559 /* Views */ = {
			isa = PBXGroup;
			children = (
				7E80C1072B432142000679ED /* OnboardingItemsViewController.swift */,
			);
			path = Views;
			sourceTree = "<group>";
		};
		7E3F3D202B43755E00AB7559 /* Github Repository */ = {
			isa = PBXGroup;
			children = (
				7E3F3D212B4375A200AB7559 /* GithubRepository.swift */,
				7E3F3D232B4375AB00AB7559 /* GithubRepositoryImpl.swift */,
			);
			path = "Github Repository";
			sourceTree = "<group>";
		};
		7E3F3D252B4375C200AB7559 /* Datasources */ = {
			isa = PBXGroup;
			children = (
				7E3F3D322B43766600AB7559 /* Github API */,
			);
			path = Datasources;
			sourceTree = "<group>";
		};
		7E3F3D262B4375C900AB7559 /* Repositories */ = {
			isa = PBXGroup;
			children = (
				7E3F3D202B43755E00AB7559 /* Github Repository */,
			);
			path = Repositories;
			sourceTree = "<group>";
		};
		7E3F3D272B4375E700AB7559 /* Local Storage */ = {
			isa = PBXGroup;
			children = (
				7E3F3D2D2B43763200AB7559 /* LocalStorage.swift */,
				7E3F3D2F2B43763A00AB7559 /* LocalStorageImpl.swift */,
			);
			path = "Local Storage";
			sourceTree = "<group>";
		};
		7E3F3D282B43760200AB7559 /* HTTP Client */ = {
			isa = PBXGroup;
			children = (
				7E3F3D292B43761700AB7559 /* HTTPClientImpl.swift */,
				7E3F3D2B2B43762400AB7559 /* HTTPClient.swift */,
			);
			path = "HTTP Client";
			sourceTree = "<group>";
		};
		7E3F3D312B43764900AB7559 /* Services */ = {
			isa = PBXGroup;
			children = (
				7E3F3D282B43760200AB7559 /* HTTP Client */,
				7E3F3D272B4375E700AB7559 /* Local Storage */,
			);
			path = Services;
			sourceTree = "<group>";
		};
		7E3F3D322B43766600AB7559 /* Github API */ = {
			isa = PBXGroup;
			children = (
				7E3F3D332B4376A200AB7559 /* GithubAPI.swift */,
			);
			path = "Github API";
			sourceTree = "<group>";
		};
		7E3F3D3D2B43839400AB7559 /* Model */ = {
			isa = PBXGroup;
			children = (
				7E3F3D3E2B4383FB00AB7559 /* OnboardingData.swift */,
				7E3F3D402B43840500AB7559 /* OnboardingInfoList.swift */,
			);
			path = Model;
			sourceTree = "<group>";
		};
		7E3F3D482B43A63900AB7559 /* Extensions */ = {
			isa = PBXGroup;
			children = (
				7E3F3D5B2B443DAB00AB7559 /* UIColor+Extensions.swift */,
			);
			path = Extensions;
			sourceTree = "<group>";
		};
		7E3F3D492B43AB1E00AB7559 /* Extensions */ = {
			isa = PBXGroup;
			children = (
				7E3F3D4A2B43AB4100AB7559 /* OnboardingViewController+UIPageViewController.swift */,
			);
			path = Extensions;
			sourceTree = "<group>";
		};
		7E3F3D582B44355400AB7559 /* Enums */ = {
			isa = PBXGroup;
			children = (
				7E3F3D592B44355F00AB7559 /* APIError.swift */,
			);
			path = Enums;
			sourceTree = "<group>";
		};
		7E80C0C12B4320CA000679ED = {
			isa = PBXGroup;
			children = (
				7E80C0CC2B4320CA000679ED /* check_it */,
				7E80C0E32B4320CB000679ED /* check_itTests */,
				7E80C0ED2B4320CB000679ED /* check_itUITests */,
				7E80C0CB2B4320CA000679ED /* Products */,
				550077FF251324D96002C796 /* Pods */,
				21D6B24C19CBB97DA016AE19 /* Frameworks */,
			);
			sourceTree = "<group>";
		};
		7E80C0CB2B4320CA000679ED /* Products */ = {
			isa = PBXGroup;
			children = (
				7E80C0CA2B4320CA000679ED /* check_it.app */,
				7E80C0E02B4320CB000679ED /* check_itTests.xctest */,
				7E80C0EA2B4320CB000679ED /* check_itUITests.xctest */,
			);
			name = Products;
			sourceTree = "<group>";
		};
		7E80C0CC2B4320CA000679ED /* check_it */ = {
			isa = PBXGroup;
			children = (
				7E80C0FD2B4320F7000679ED /* Resources */,
				7E80C0FE2B4320FD000679ED /* Application */,
				7E80C1122B432193000679ED /* Core */,
				7E80C1132B43219B000679ED /* Data */,
				7E80C0FF2B432103000679ED /* Modules */,
				7E80C0DB2B4320CB000679ED /* Info.plist */,
			);
			path = check_it;
			sourceTree = "<group>";
		};
		7E80C0E32B4320CB000679ED /* check_itTests */ = {
			isa = PBXGroup;
			children = (
				7E80C0E42B4320CB000679ED /* check_itTests.swift */,
			);
			path = check_itTests;
			sourceTree = "<group>";
		};
		7E80C0ED2B4320CB000679ED /* check_itUITests */ = {
			isa = PBXGroup;
			children = (
				7E80C0EE2B4320CB000679ED /* check_itUITests.swift */,
				7E80C0F02B4320CB000679ED /* check_itUITestsLaunchTests.swift */,
			);
			path = check_itUITests;
			sourceTree = "<group>";
		};
		7E80C0FD2B4320F7000679ED /* Resources */ = {
			isa = PBXGroup;
			children = (
				7E80C1142B4321BA000679ED /* Assets */,
				7E3F3D422B43878800AB7559 /* Assets.swift */,
				7E3F3D432B43878800AB7559 /* Fonts.swift */,
			);
			path = Resources;
			sourceTree = "<group>";
		};
		7E80C0FE2B4320FD000679ED /* Application */ = {
			isa = PBXGroup;
			children = (
				7E80C0CD2B4320CA000679ED /* AppDelegate.swift */,
				7E80C0CF2B4320CA000679ED /* SceneDelegate.swift */,
				7E80C0D82B4320CB000679ED /* LaunchScreen.storyboard */,
			);
			path = Application;
			sourceTree = "<group>";
		};
		7E80C0FF2B432103000679ED /* Modules */ = {
			isa = PBXGroup;
			children = (
				7E80C1022B432117000679ED /* User */,
				7E80C1012B43210F000679ED /* Onboarding */,
				7E80C1002B432108000679ED /* Splash */,
			);
			path = Modules;
			sourceTree = "<group>";
		};
		7E80C1002B432108000679ED /* Splash */ = {
			isa = PBXGroup;
			children = (
				7E3F3D012B43734600AB7559 /* Components */,
				7E3F3D462B43880300AB7559 /* SplashViewController.swift */,
			);
			path = Splash;
			sourceTree = "<group>";
		};
		7E80C1012B43210F000679ED /* Onboarding */ = {
			isa = PBXGroup;
			children = (
				7E3F3D082B4373AE00AB7559 /* Components */,
				7E3F3D492B43AB1E00AB7559 /* Extensions */,
				7E3F3D1D2B43749F00AB7559 /* Views */,
				7E3F3D1E2B43751700AB7559 /* OnboardingViewController.swift */,
			);
			path = Onboarding;
			sourceTree = "<group>";
		};
		7E80C1022B432117000679ED /* User */ = {
			isa = PBXGroup;
			children = (
				7E80C10A2B432151000679ED /* User Details */,
				7E80C1092B43214B000679ED /* User List */,
			);
			path = User;
			sourceTree = "<group>";
		};
		7E80C1092B43214B000679ED /* User List */ = {
			isa = PBXGroup;
			children = (
				7E3F3D0F2B4373E500AB7559 /* Components */,
				7E80C10C2B43215D000679ED /* Views */,
				7E80C1102B43217B000679ED /* UserListViewController.swift */,
			);
			path = "User List";
			sourceTree = "<group>";
		};
		7E80C10A2B432151000679ED /* User Details */ = {
			isa = PBXGroup;
			children = (
				7E3F3D102B4373EC00AB7559 /* Components */,
				7E80C10B2B432158000679ED /* Views */,
				7E80C10E2B432173000679ED /* UserDetailsViewController.swift */,
			);
			path = "User Details";
			sourceTree = "<group>";
		};
		7E80C10B2B432158000679ED /* Views */ = {
			isa = PBXGroup;
			children = (
				7E3F3D502B441E2000AB7559 /* UserDetailsHeaderView.swift */,
				7E3F3D522B44222A00AB7559 /* UserDetailsRecentRepositoriesView.swift */,
				7E3F3D542B4422F800AB7559 /* UserDetailsDescriptionView.swift */,
				7E3F3D562B44244800AB7559 /* UserRecentRepositoriesTableViewCell.swift */,
			);
			path = Views;
			sourceTree = "<group>";
		};
		7E80C10C2B43215D000679ED /* Views */ = {
			isa = PBXGroup;
			children = (
				7E3F3D4C2B43B3D300AB7559 /* UserListHeaderView.swift */,
				7E3F3D4E2B43BB0900AB7559 /* UserListTableViewCell.swift */,
			);
			path = Views;
			sourceTree = "<group>";
		};
		7E80C1122B432193000679ED /* Core */ = {
			isa = PBXGroup;
			children = (
				7E3F3D582B44355400AB7559 /* Enums */,
				7E3F3D482B43A63900AB7559 /* Extensions */,
				7E3F3D352B43778F00AB7559 /* RepositoryProvider.swift */,
				7E3F3D372B4377A900AB7559 /* AppRouter.swift */,
				7E3F3D392B4377D600AB7559 /* Environment.swift */,
				7E3F3D3B2B43782B00AB7559 /* HTTPConstants.swift */,
			);
			path = Core;
			sourceTree = "<group>";
		};
		7E80C1132B43219B000679ED /* Data */ = {
			isa = PBXGroup;
			children = (
				7E3F3D312B43764900AB7559 /* Services */,
				7E3F3D252B4375C200AB7559 /* Datasources */,
				7E3F3D262B4375C900AB7559 /* Repositories */,
				7E3F3D3D2B43839400AB7559 /* Model */,
			);
			path = Data;
			sourceTree = "<group>";
		};
		7E80C1142B4321BA000679ED /* Assets */ = {
			isa = PBXGroup;
			children = (
				7E80C1172B4321D6000679ED /* Fonts */,
				7E80C0D62B4320CB000679ED /* Assets.xcassets */,
				7E80C1152B4321D4000679ED /* Colors.xcassets */,
			);
			path = Assets;
			sourceTree = "<group>";
		};
		7E80C1172B4321D6000679ED /* Fonts */ = {
			isa = PBXGroup;
			children = (
				7E80C1182B4321EA000679ED /* Nunito Sans */,
			);
			path = Fonts;
			sourceTree = "<group>";
		};
		7E80C1182B4321EA000679ED /* Nunito Sans */ = {
			isa = PBXGroup;
			children = (
				7E80C1252B4322AA000679ED /* NunitoSans_7pt-Black.ttf */,
				7E80C11E2B4322AA000679ED /* NunitoSans_7pt-BlackItalic.ttf */,
				7E80C11C2B4322A9000679ED /* NunitoSans_7pt-Bold.ttf */,
				7E80C1272B4322AA000679ED /* NunitoSans_7pt-BoldItalic.ttf */,
				7E80C11B2B4322A9000679ED /* NunitoSans_7pt-ExtraBold.ttf */,
				7E80C1282B4322AA000679ED /* NunitoSans_7pt-ExtraBoldItalic.ttf */,
				7E80C1262B4322AA000679ED /* NunitoSans_7pt-ExtraLight.ttf */,
				7E80C1232B4322AA000679ED /* NunitoSans_7pt-ExtraLightItalic.ttf */,
				7E80C1192B4322A9000679ED /* NunitoSans_7pt-Italic.ttf */,
				7E80C11A2B4322A9000679ED /* NunitoSans_7pt-Light.ttf */,
				7E80C11D2B4322A9000679ED /* NunitoSans_7pt-LightItalic.ttf */,
				7E80C1202B4322AA000679ED /* NunitoSans_7pt-Medium.ttf */,
				7E80C11F2B4322AA000679ED /* NunitoSans_7pt-MediumItalic.ttf */,
				7E80C1212B4322AA000679ED /* NunitoSans_7pt-Regular.ttf */,
				7E80C1222B4322AA000679ED /* NunitoSans_7pt-SemiBold.ttf */,
				7E80C1242B4322AA000679ED /* NunitoSans_7pt-SemiBoldItalic.ttf */,
			);
			path = "Nunito Sans";
			sourceTree = "<group>";
		};
/* End PBXGroup section */

/* Begin PBXNativeTarget section */
		7E80C0C92B4320CA000679ED /* check_it */ = {
			isa = PBXNativeTarget;
			buildConfigurationList = 7E80C0F42B4320CB000679ED /* Build configuration list for PBXNativeTarget "check_it" */;
			buildPhases = (
				F10DABBCE455B558A8F2BBFC /* [CP] Check Pods Manifest.lock */,
				7E80C0C62B4320CA000679ED /* Sources */,
				7E80C0C72B4320CA000679ED /* Frameworks */,
				7E80C0C82B4320CA000679ED /* Resources */,
				6E47059C8AF48CA4C8A79D2F /* [CP] Embed Pods Frameworks */,
			);
			buildRules = (
			);
			dependencies = (
			);
			name = check_it;
			productName = check_it;
			productReference = 7E80C0CA2B4320CA000679ED /* check_it.app */;
			productType = "com.apple.product-type.application";
		};
		7E80C0DF2B4320CB000679ED /* check_itTests */ = {
			isa = PBXNativeTarget;
			buildConfigurationList = 7E80C0F72B4320CB000679ED /* Build configuration list for PBXNativeTarget "check_itTests" */;
			buildPhases = (
				BAD5612F30DB7143965075C6 /* [CP] Check Pods Manifest.lock */,
				7E80C0DC2B4320CB000679ED /* Sources */,
				7E80C0DD2B4320CB000679ED /* Frameworks */,
				7E80C0DE2B4320CB000679ED /* Resources */,
			);
			buildRules = (
			);
			dependencies = (
				7E80C0E22B4320CB000679ED /* PBXTargetDependency */,
			);
			name = check_itTests;
			productName = check_itTests;
			productReference = 7E80C0E02B4320CB000679ED /* check_itTests.xctest */;
			productType = "com.apple.product-type.bundle.unit-test";
		};
		7E80C0E92B4320CB000679ED /* check_itUITests */ = {
			isa = PBXNativeTarget;
			buildConfigurationList = 7E80C0FA2B4320CB000679ED /* Build configuration list for PBXNativeTarget "check_itUITests" */;
			buildPhases = (
				59BC1DFD7FBB3C299FC612DD /* [CP] Check Pods Manifest.lock */,
				7E80C0E62B4320CB000679ED /* Sources */,
				7E80C0E72B4320CB000679ED /* Frameworks */,
				7E80C0E82B4320CB000679ED /* Resources */,
				577D9076EFD5F3541962D3F2 /* [CP] Embed Pods Frameworks */,
			);
			buildRules = (
			);
			dependencies = (
				7E80C0EC2B4320CB000679ED /* PBXTargetDependency */,
			);
			name = check_itUITests;
			productName = check_itUITests;
			productReference = 7E80C0EA2B4320CB000679ED /* check_itUITests.xctest */;
			productType = "com.apple.product-type.bundle.ui-testing";
		};
/* End PBXNativeTarget section */

/* Begin PBXProject section */
		7E80C0C22B4320CA000679ED /* Project object */ = {
			isa = PBXProject;
			attributes = {
				BuildIndependentTargetsInParallel = 1;
				LastSwiftUpdateCheck = 1510;
				LastUpgradeCheck = 1510;
				TargetAttributes = {
					7E80C0C92B4320CA000679ED = {
						CreatedOnToolsVersion = 15.1;
					};
					7E80C0DF2B4320CB000679ED = {
						CreatedOnToolsVersion = 15.1;
						TestTargetID = 7E80C0C92B4320CA000679ED;
					};
					7E80C0E92B4320CB000679ED = {
						CreatedOnToolsVersion = 15.1;
						TestTargetID = 7E80C0C92B4320CA000679ED;
					};
				};
			};
			buildConfigurationList = 7E80C0C52B4320CA000679ED /* Build configuration list for PBXProject "check_it" */;
			compatibilityVersion = "Xcode 14.0";
			developmentRegion = en;
			hasScannedForEncodings = 0;
			knownRegions = (
				en,
				Base,
			);
			mainGroup = 7E80C0C12B4320CA000679ED;
			productRefGroup = 7E80C0CB2B4320CA000679ED /* Products */;
			projectDirPath = "";
			projectRoot = "";
			targets = (
				7E80C0C92B4320CA000679ED /* check_it */,
				7E80C0DF2B4320CB000679ED /* check_itTests */,
				7E80C0E92B4320CB000679ED /* check_itUITests */,
			);
		};
/* End PBXProject section */

/* Begin PBXResourcesBuildPhase section */
		7E80C0C82B4320CA000679ED /* Resources */ = {
			isa = PBXResourcesBuildPhase;
			buildActionMask = 2147483647;
			files = (
				7E80C1342B4322AA000679ED /* NunitoSans_7pt-SemiBoldItalic.ttf in Resources */,
				7E80C1372B4322AA000679ED /* NunitoSans_7pt-BoldItalic.ttf in Resources */,
				7E80C1302B4322AA000679ED /* NunitoSans_7pt-Medium.ttf in Resources */,
				7E80C1312B4322AA000679ED /* NunitoSans_7pt-Regular.ttf in Resources */,
				7E80C1322B4322AA000679ED /* NunitoSans_7pt-SemiBold.ttf in Resources */,
				7E80C1292B4322AA000679ED /* NunitoSans_7pt-Italic.ttf in Resources */,
				7E80C12D2B4322AA000679ED /* NunitoSans_7pt-LightItalic.ttf in Resources */,
				7E80C1162B4321D4000679ED /* Colors.xcassets in Resources */,
				7E80C12F2B4322AA000679ED /* NunitoSans_7pt-MediumItalic.ttf in Resources */,
				7E80C12B2B4322AA000679ED /* NunitoSans_7pt-ExtraBold.ttf in Resources */,
				7E80C0DA2B4320CB000679ED /* LaunchScreen.storyboard in Resources */,
				7E80C1352B4322AA000679ED /* NunitoSans_7pt-Black.ttf in Resources */,
				7E80C1362B4322AA000679ED /* NunitoSans_7pt-ExtraLight.ttf in Resources */,
				7E80C0D72B4320CB000679ED /* Assets.xcassets in Resources */,
				7E80C12E2B4322AA000679ED /* NunitoSans_7pt-BlackItalic.ttf in Resources */,
				7E80C1382B4322AA000679ED /* NunitoSans_7pt-ExtraBoldItalic.ttf in Resources */,
				7E80C12C2B4322AA000679ED /* NunitoSans_7pt-Bold.ttf in Resources */,
				7E80C1332B4322AA000679ED /* NunitoSans_7pt-ExtraLightItalic.ttf in Resources */,
				7E80C12A2B4322AA000679ED /* NunitoSans_7pt-Light.ttf in Resources */,
			);
			runOnlyForDeploymentPostprocessing = 0;
		};
		7E80C0DE2B4320CB000679ED /* Resources */ = {
			isa = PBXResourcesBuildPhase;
			buildActionMask = 2147483647;
			files = (
			);
			runOnlyForDeploymentPostprocessing = 0;
		};
		7E80C0E82B4320CB000679ED /* Resources */ = {
			isa = PBXResourcesBuildPhase;
			buildActionMask = 2147483647;
			files = (
			);
			runOnlyForDeploymentPostprocessing = 0;
		};
/* End PBXResourcesBuildPhase section */

/* Begin PBXShellScriptBuildPhase section */
		577D9076EFD5F3541962D3F2 /* [CP] Embed Pods Frameworks */ = {
			isa = PBXShellScriptBuildPhase;
			buildActionMask = 2147483647;
			files = (
			);
			inputFileListPaths = (
				"${PODS_ROOT}/Target Support Files/Pods-check_it-check_itUITests/Pods-check_it-check_itUITests-frameworks-${CONFIGURATION}-input-files.xcfilelist",
			);
			name = "[CP] Embed Pods Frameworks";
			outputFileListPaths = (
				"${PODS_ROOT}/Target Support Files/Pods-check_it-check_itUITests/Pods-check_it-check_itUITests-frameworks-${CONFIGURATION}-output-files.xcfilelist",
			);
			runOnlyForDeploymentPostprocessing = 0;
			shellPath = /bin/sh;
			shellScript = "\"${PODS_ROOT}/Target Support Files/Pods-check_it-check_itUITests/Pods-check_it-check_itUITests-frameworks.sh\"\n";
			showEnvVarsInLog = 0;
		};
		59BC1DFD7FBB3C299FC612DD /* [CP] Check Pods Manifest.lock */ = {
			isa = PBXShellScriptBuildPhase;
			buildActionMask = 2147483647;
			files = (
			);
			inputFileListPaths = (
			);
			inputPaths = (
				"${PODS_PODFILE_DIR_PATH}/Podfile.lock",
				"${PODS_ROOT}/Manifest.lock",
			);
			name = "[CP] Check Pods Manifest.lock";
			outputFileListPaths = (
			);
			outputPaths = (
				"$(DERIVED_FILE_DIR)/Pods-check_it-check_itUITests-checkManifestLockResult.txt",
			);
			runOnlyForDeploymentPostprocessing = 0;
			shellPath = /bin/sh;
			shellScript = "diff \"${PODS_PODFILE_DIR_PATH}/Podfile.lock\" \"${PODS_ROOT}/Manifest.lock\" > /dev/null\nif [ $? != 0 ] ; then\n    # print error to STDERR\n    echo \"error: The sandbox is not in sync with the Podfile.lock. Run 'pod install' or update your CocoaPods installation.\" >&2\n    exit 1\nfi\n# This output is used by Xcode 'outputs' to avoid re-running this script phase.\necho \"SUCCESS\" > \"${SCRIPT_OUTPUT_FILE_0}\"\n";
			showEnvVarsInLog = 0;
		};
		6E47059C8AF48CA4C8A79D2F /* [CP] Embed Pods Frameworks */ = {
			isa = PBXShellScriptBuildPhase;
			buildActionMask = 2147483647;
			files = (
			);
			inputFileListPaths = (
				"${PODS_ROOT}/Target Support Files/Pods-check_it/Pods-check_it-frameworks-${CONFIGURATION}-input-files.xcfilelist",
			);
			name = "[CP] Embed Pods Frameworks";
			outputFileListPaths = (
				"${PODS_ROOT}/Target Support Files/Pods-check_it/Pods-check_it-frameworks-${CONFIGURATION}-output-files.xcfilelist",
			);
			runOnlyForDeploymentPostprocessing = 0;
			shellPath = /bin/sh;
			shellScript = "\"${PODS_ROOT}/Target Support Files/Pods-check_it/Pods-check_it-frameworks.sh\"\n";
			showEnvVarsInLog = 0;
		};
		BAD5612F30DB7143965075C6 /* [CP] Check Pods Manifest.lock */ = {
			isa = PBXShellScriptBuildPhase;
			buildActionMask = 2147483647;
			files = (
			);
			inputFileListPaths = (
			);
			inputPaths = (
				"${PODS_PODFILE_DIR_PATH}/Podfile.lock",
				"${PODS_ROOT}/Manifest.lock",
			);
			name = "[CP] Check Pods Manifest.lock";
			outputFileListPaths = (
			);
			outputPaths = (
				"$(DERIVED_FILE_DIR)/Pods-check_itTests-checkManifestLockResult.txt",
			);
			runOnlyForDeploymentPostprocessing = 0;
			shellPath = /bin/sh;
			shellScript = "diff \"${PODS_PODFILE_DIR_PATH}/Podfile.lock\" \"${PODS_ROOT}/Manifest.lock\" > /dev/null\nif [ $? != 0 ] ; then\n    # print error to STDERR\n    echo \"error: The sandbox is not in sync with the Podfile.lock. Run 'pod install' or update your CocoaPods installation.\" >&2\n    exit 1\nfi\n# This output is used by Xcode 'outputs' to avoid re-running this script phase.\necho \"SUCCESS\" > \"${SCRIPT_OUTPUT_FILE_0}\"\n";
			showEnvVarsInLog = 0;
		};
		F10DABBCE455B558A8F2BBFC /* [CP] Check Pods Manifest.lock */ = {
			isa = PBXShellScriptBuildPhase;
			buildActionMask = 2147483647;
			files = (
			);
			inputFileListPaths = (
			);
			inputPaths = (
				"${PODS_PODFILE_DIR_PATH}/Podfile.lock",
				"${PODS_ROOT}/Manifest.lock",
			);
			name = "[CP] Check Pods Manifest.lock";
			outputFileListPaths = (
			);
			outputPaths = (
				"$(DERIVED_FILE_DIR)/Pods-check_it-checkManifestLockResult.txt",
			);
			runOnlyForDeploymentPostprocessing = 0;
			shellPath = /bin/sh;
			shellScript = "diff \"${PODS_PODFILE_DIR_PATH}/Podfile.lock\" \"${PODS_ROOT}/Manifest.lock\" > /dev/null\nif [ $? != 0 ] ; then\n    # print error to STDERR\n    echo \"error: The sandbox is not in sync with the Podfile.lock. Run 'pod install' or update your CocoaPods installation.\" >&2\n    exit 1\nfi\n# This output is used by Xcode 'outputs' to avoid re-running this script phase.\necho \"SUCCESS\" > \"${SCRIPT_OUTPUT_FILE_0}\"\n";
			showEnvVarsInLog = 0;
		};
/* End PBXShellScriptBuildPhase section */

/* Begin PBXSourcesBuildPhase section */
		7E80C0C62B4320CA000679ED /* Sources */ = {
			isa = PBXSourcesBuildPhase;
			buildActionMask = 2147483647;
			files = (
				7E3F3D3A2B4377D600AB7559 /* Environment.swift in Sources */,
				7E3F3D382B4377A900AB7559 /* AppRouter.swift in Sources */,
				7E3F3D162B43742400AB7559 /* UserListPresenter.swift in Sources */,
				7E3F3D2C2B43762400AB7559 /* HTTPClient.swift in Sources */,
				7E3F3D342B4376A200AB7559 /* GithubAPI.swift in Sources */,
				7E3F3D242B4375AB00AB7559 /* GithubRepositoryImpl.swift in Sources */,
				7E3F3D2A2B43761700AB7559 /* HTTPClientImpl.swift in Sources */,
				7E3F3D0C2B4373D500AB7559 /* OnboardingInteractor.swift in Sources */,
				7E3F3D572B44244800AB7559 /* UserRecentRepositoriesTableViewCell.swift in Sources */,
				7E3F3D4F2B43BB0900AB7559 /* UserListTableViewCell.swift in Sources */,
				7E3F3D142B43741A00AB7559 /* UserListInteractor.swift in Sources */,
				7E80C1112B43217B000679ED /* UserListViewController.swift in Sources */,
				7E3F3D3F2B4383FB00AB7559 /* OnboardingData.swift in Sources */,
				7E3F3D222B4375A200AB7559 /* GithubRepository.swift in Sources */,
				7E3F3D1A2B43743E00AB7559 /* UserDetailsInteractor.swift in Sources */,
				7E3F3D302B43763A00AB7559 /* LocalStorageImpl.swift in Sources */,
				7E3F3D412B43840500AB7559 /* OnboardingInfoList.swift in Sources */,
				7E80C0CE2B4320CA000679ED /* AppDelegate.swift in Sources */,
				7E80C10F2B432173000679ED /* UserDetailsViewController.swift in Sources */,
				7E3F3D1F2B43751700AB7559 /* OnboardingViewController.swift in Sources */,
				7E3F3D052B43737600AB7559 /* SplashInteractor.swift in Sources */,
				7E3F3D4D2B43B3D300AB7559 /* UserListHeaderView.swift in Sources */,
				7E3F3D472B43880300AB7559 /* SplashViewController.swift in Sources */,
				7E3F3D1C2B43744A00AB7559 /* UserDetailsPresenter.swift in Sources */,
				7E3F3D032B43736C00AB7559 /* SplashRouter.swift in Sources */,
				7E80C1082B432142000679ED /* OnboardingItemsViewController.swift in Sources */,
				7E3F3D2E2B43763200AB7559 /* LocalStorage.swift in Sources */,
				7E3F3D442B43878800AB7559 /* Assets.swift in Sources */,
				7E3F3D512B441E2000AB7559 /* UserDetailsHeaderView.swift in Sources */,
				7E3F3D452B43878800AB7559 /* Fonts.swift in Sources */,
				7E3F3D4B2B43AB4100AB7559 /* OnboardingViewController+UIPageViewController.swift in Sources */,
				7E3F3D552B4422F800AB7559 /* UserDetailsDescriptionView.swift in Sources */,
				7E80C0D02B4320CA000679ED /* SceneDelegate.swift in Sources */,
				7E3F3D532B44222A00AB7559 /* UserDetailsRecentRepositoriesView.swift in Sources */,
				7E3F3D5C2B443DAB00AB7559 /* UIColor+Extensions.swift in Sources */,
				7E3F3D182B43743200AB7559 /* UserDetailsRouter.swift in Sources */,
				7E3F3D122B4373FE00AB7559 /* UserListRouter.swift in Sources */,
				7E3F3D0A2B4373CB00AB7559 /* OnboardingRouter.swift in Sources */,
				7E3F3D5A2B44355F00AB7559 /* APIError.swift in Sources */,
				7E3F3D362B43778F00AB7559 /* RepositoryProvider.swift in Sources */,
				7E3F3D0E2B4373DE00AB7559 /* OnboardingPresenter.swift in Sources */,
				7E3F3D3C2B43782B00AB7559 /* HTTPConstants.swift in Sources */,
				7E3F3D072B43738100AB7559 /* SplashPresenter.swift in Sources */,
			);
			runOnlyForDeploymentPostprocessing = 0;
		};
		7E80C0DC2B4320CB000679ED /* Sources */ = {
			isa = PBXSourcesBuildPhase;
			buildActionMask = 2147483647;
			files = (
				7E80C0E52B4320CB000679ED /* check_itTests.swift in Sources */,
			);
			runOnlyForDeploymentPostprocessing = 0;
		};
		7E80C0E62B4320CB000679ED /* Sources */ = {
			isa = PBXSourcesBuildPhase;
			buildActionMask = 2147483647;
			files = (
				7E80C0F12B4320CB000679ED /* check_itUITestsLaunchTests.swift in Sources */,
				7E80C0EF2B4320CB000679ED /* check_itUITests.swift in Sources */,
			);
			runOnlyForDeploymentPostprocessing = 0;
		};
/* End PBXSourcesBuildPhase section */

/* Begin PBXTargetDependency section */
		7E80C0E22B4320CB000679ED /* PBXTargetDependency */ = {
			isa = PBXTargetDependency;
			target = 7E80C0C92B4320CA000679ED /* check_it */;
			targetProxy = 7E80C0E12B4320CB000679ED /* PBXContainerItemProxy */;
		};
		7E80C0EC2B4320CB000679ED /* PBXTargetDependency */ = {
			isa = PBXTargetDependency;
			target = 7E80C0C92B4320CA000679ED /* check_it */;
			targetProxy = 7E80C0EB2B4320CB000679ED /* PBXContainerItemProxy */;
		};
/* End PBXTargetDependency section */

/* Begin PBXVariantGroup section */
		7E80C0D82B4320CB000679ED /* LaunchScreen.storyboard */ = {
			isa = PBXVariantGroup;
			children = (
				7E80C0D92B4320CB000679ED /* Base */,
			);
			name = LaunchScreen.storyboard;
			sourceTree = "<group>";
		};
/* End PBXVariantGroup section */

/* Begin XCBuildConfiguration section */
		7E80C0F22B4320CB000679ED /* Debug */ = {
			isa = XCBuildConfiguration;
			buildSettings = {
				ALWAYS_SEARCH_USER_PATHS = NO;
				ASSETCATALOG_COMPILER_GENERATE_SWIFT_ASSET_SYMBOL_EXTENSIONS = YES;
				CLANG_ANALYZER_NONNULL = YES;
				CLANG_ANALYZER_NUMBER_OBJECT_CONVERSION = YES_AGGRESSIVE;
				CLANG_CXX_LANGUAGE_STANDARD = "gnu++20";
				CLANG_ENABLE_MODULES = YES;
				CLANG_ENABLE_OBJC_ARC = YES;
				CLANG_ENABLE_OBJC_WEAK = YES;
				CLANG_WARN_BLOCK_CAPTURE_AUTORELEASING = YES;
				CLANG_WARN_BOOL_CONVERSION = YES;
				CLANG_WARN_COMMA = YES;
				CLANG_WARN_CONSTANT_CONVERSION = YES;
				CLANG_WARN_DEPRECATED_OBJC_IMPLEMENTATIONS = YES;
				CLANG_WARN_DIRECT_OBJC_ISA_USAGE = YES_ERROR;
				CLANG_WARN_DOCUMENTATION_COMMENTS = YES;
				CLANG_WARN_EMPTY_BODY = YES;
				CLANG_WARN_ENUM_CONVERSION = YES;
				CLANG_WARN_INFINITE_RECURSION = YES;
				CLANG_WARN_INT_CONVERSION = YES;
				CLANG_WARN_NON_LITERAL_NULL_CONVERSION = YES;
				CLANG_WARN_OBJC_IMPLICIT_RETAIN_SELF = YES;
				CLANG_WARN_OBJC_LITERAL_CONVERSION = YES;
				CLANG_WARN_OBJC_ROOT_CLASS = YES_ERROR;
				CLANG_WARN_QUOTED_INCLUDE_IN_FRAMEWORK_HEADER = YES;
				CLANG_WARN_RANGE_LOOP_ANALYSIS = YES;
				CLANG_WARN_STRICT_PROTOTYPES = YES;
				CLANG_WARN_SUSPICIOUS_MOVE = YES;
				CLANG_WARN_UNGUARDED_AVAILABILITY = YES_AGGRESSIVE;
				CLANG_WARN_UNREACHABLE_CODE = YES;
				CLANG_WARN__DUPLICATE_METHOD_MATCH = YES;
				COPY_PHASE_STRIP = NO;
				DEBUG_INFORMATION_FORMAT = dwarf;
				ENABLE_STRICT_OBJC_MSGSEND = YES;
				ENABLE_TESTABILITY = YES;
				ENABLE_USER_SCRIPT_SANDBOXING = YES;
				GCC_C_LANGUAGE_STANDARD = gnu17;
				GCC_DYNAMIC_NO_PIC = NO;
				GCC_NO_COMMON_BLOCKS = YES;
				GCC_OPTIMIZATION_LEVEL = 0;
				GCC_PREPROCESSOR_DEFINITIONS = (
					"DEBUG=1",
					"$(inherited)",
				);
				GCC_WARN_64_TO_32_BIT_CONVERSION = YES;
				GCC_WARN_ABOUT_RETURN_TYPE = YES_ERROR;
				GCC_WARN_UNDECLARED_SELECTOR = YES;
				GCC_WARN_UNINITIALIZED_AUTOS = YES_AGGRESSIVE;
				GCC_WARN_UNUSED_FUNCTION = YES;
				GCC_WARN_UNUSED_VARIABLE = YES;
				IPHONEOS_DEPLOYMENT_TARGET = 17.2;
				LOCALIZATION_PREFERS_STRING_CATALOGS = YES;
				MTL_ENABLE_DEBUG_INFO = INCLUDE_SOURCE;
				MTL_FAST_MATH = YES;
				ONLY_ACTIVE_ARCH = YES;
				SDKROOT = iphoneos;
				SWIFT_ACTIVE_COMPILATION_CONDITIONS = "DEBUG $(inherited)";
				SWIFT_OPTIMIZATION_LEVEL = "-Onone";
			};
			name = Debug;
		};
		7E80C0F32B4320CB000679ED /* Release */ = {
			isa = XCBuildConfiguration;
			buildSettings = {
				ALWAYS_SEARCH_USER_PATHS = NO;
				ASSETCATALOG_COMPILER_GENERATE_SWIFT_ASSET_SYMBOL_EXTENSIONS = YES;
				CLANG_ANALYZER_NONNULL = YES;
				CLANG_ANALYZER_NUMBER_OBJECT_CONVERSION = YES_AGGRESSIVE;
				CLANG_CXX_LANGUAGE_STANDARD = "gnu++20";
				CLANG_ENABLE_MODULES = YES;
				CLANG_ENABLE_OBJC_ARC = YES;
				CLANG_ENABLE_OBJC_WEAK = YES;
				CLANG_WARN_BLOCK_CAPTURE_AUTORELEASING = YES;
				CLANG_WARN_BOOL_CONVERSION = YES;
				CLANG_WARN_COMMA = YES;
				CLANG_WARN_CONSTANT_CONVERSION = YES;
				CLANG_WARN_DEPRECATED_OBJC_IMPLEMENTATIONS = YES;
				CLANG_WARN_DIRECT_OBJC_ISA_USAGE = YES_ERROR;
				CLANG_WARN_DOCUMENTATION_COMMENTS = YES;
				CLANG_WARN_EMPTY_BODY = YES;
				CLANG_WARN_ENUM_CONVERSION = YES;
				CLANG_WARN_INFINITE_RECURSION = YES;
				CLANG_WARN_INT_CONVERSION = YES;
				CLANG_WARN_NON_LITERAL_NULL_CONVERSION = YES;
				CLANG_WARN_OBJC_IMPLICIT_RETAIN_SELF = YES;
				CLANG_WARN_OBJC_LITERAL_CONVERSION = YES;
				CLANG_WARN_OBJC_ROOT_CLASS = YES_ERROR;
				CLANG_WARN_QUOTED_INCLUDE_IN_FRAMEWORK_HEADER = YES;
				CLANG_WARN_RANGE_LOOP_ANALYSIS = YES;
				CLANG_WARN_STRICT_PROTOTYPES = YES;
				CLANG_WARN_SUSPICIOUS_MOVE = YES;
				CLANG_WARN_UNGUARDED_AVAILABILITY = YES_AGGRESSIVE;
				CLANG_WARN_UNREACHABLE_CODE = YES;
				CLANG_WARN__DUPLICATE_METHOD_MATCH = YES;
				COPY_PHASE_STRIP = NO;
				DEBUG_INFORMATION_FORMAT = "dwarf-with-dsym";
				ENABLE_NS_ASSERTIONS = NO;
				ENABLE_STRICT_OBJC_MSGSEND = YES;
				ENABLE_USER_SCRIPT_SANDBOXING = YES;
				GCC_C_LANGUAGE_STANDARD = gnu17;
				GCC_NO_COMMON_BLOCKS = YES;
				GCC_WARN_64_TO_32_BIT_CONVERSION = YES;
				GCC_WARN_ABOUT_RETURN_TYPE = YES_ERROR;
				GCC_WARN_UNDECLARED_SELECTOR = YES;
				GCC_WARN_UNINITIALIZED_AUTOS = YES_AGGRESSIVE;
				GCC_WARN_UNUSED_FUNCTION = YES;
				GCC_WARN_UNUSED_VARIABLE = YES;
				IPHONEOS_DEPLOYMENT_TARGET = 17.2;
				LOCALIZATION_PREFERS_STRING_CATALOGS = YES;
				MTL_ENABLE_DEBUG_INFO = NO;
				MTL_FAST_MATH = YES;
				SDKROOT = iphoneos;
				SWIFT_COMPILATION_MODE = wholemodule;
				VALIDATE_PRODUCT = YES;
			};
			name = Release;
		};
		7E80C0F52B4320CB000679ED /* Debug */ = {
			isa = XCBuildConfiguration;
			baseConfigurationReference = B201BEB3F904CDE3CD4F70B3 /* Pods-check_it.debug.xcconfig */;
			buildSettings = {
				ASSETCATALOG_COMPILER_APPICON_NAME = AppIcon;
				ASSETCATALOG_COMPILER_GLOBAL_ACCENT_COLOR_NAME = AccentColor;
				CODE_SIGN_STYLE = Automatic;
				CURRENT_PROJECT_VERSION = 1;
				DEVELOPMENT_TEAM = X8A7PFYWVZ;
				ENABLE_USER_SCRIPT_SANDBOXING = NO;
				GENERATE_INFOPLIST_FILE = YES;
				INFOPLIST_FILE = check_it/Info.plist;
				INFOPLIST_KEY_UIApplicationSupportsIndirectInputEvents = YES;
				INFOPLIST_KEY_UILaunchStoryboardName = LaunchScreen;
				INFOPLIST_KEY_UISupportedInterfaceOrientations_iPad = "UIInterfaceOrientationPortrait UIInterfaceOrientationPortraitUpsideDown UIInterfaceOrientationLandscapeLeft UIInterfaceOrientationLandscapeRight";
				INFOPLIST_KEY_UISupportedInterfaceOrientations_iPhone = "UIInterfaceOrientationPortrait UIInterfaceOrientationLandscapeLeft UIInterfaceOrientationLandscapeRight";
				LD_RUNPATH_SEARCH_PATHS = (
					"$(inherited)",
					"@executable_path/Frameworks",
				);
				MARKETING_VERSION = 1.0;
				PRODUCT_BUNDLE_IDENTIFIER = "com.aob.check-it";
				PRODUCT_NAME = "$(TARGET_NAME)";
				SWIFT_EMIT_LOC_STRINGS = YES;
				SWIFT_VERSION = 5.0;
				TARGETED_DEVICE_FAMILY = "1,2";
				USE_RECURSIVE_SCRIPT_INPUTS_IN_SCRIPT_PHASES = YES;
			};
			name = Debug;
		};
		7E80C0F62B4320CB000679ED /* Release */ = {
			isa = XCBuildConfiguration;
			baseConfigurationReference = E5B2E0C79DF4CC08CC1ACA4D /* Pods-check_it.release.xcconfig */;
			buildSettings = {
				ASSETCATALOG_COMPILER_APPICON_NAME = AppIcon;
				ASSETCATALOG_COMPILER_GLOBAL_ACCENT_COLOR_NAME = AccentColor;
				CODE_SIGN_STYLE = Automatic;
				CURRENT_PROJECT_VERSION = 1;
				DEVELOPMENT_TEAM = X8A7PFYWVZ;
				ENABLE_USER_SCRIPT_SANDBOXING = NO;
				GENERATE_INFOPLIST_FILE = YES;
				INFOPLIST_FILE = check_it/Info.plist;
				INFOPLIST_KEY_UIApplicationSupportsIndirectInputEvents = YES;
				INFOPLIST_KEY_UILaunchStoryboardName = LaunchScreen;
				INFOPLIST_KEY_UISupportedInterfaceOrientations_iPad = "UIInterfaceOrientationPortrait UIInterfaceOrientationPortraitUpsideDown UIInterfaceOrientationLandscapeLeft UIInterfaceOrientationLandscapeRight";
				INFOPLIST_KEY_UISupportedInterfaceOrientations_iPhone = "UIInterfaceOrientationPortrait UIInterfaceOrientationLandscapeLeft UIInterfaceOrientationLandscapeRight";
				LD_RUNPATH_SEARCH_PATHS = (
					"$(inherited)",
					"@executable_path/Frameworks",
				);
				MARKETING_VERSION = 1.0;
				PRODUCT_BUNDLE_IDENTIFIER = "com.aob.check-it";
				PRODUCT_NAME = "$(TARGET_NAME)";
				SWIFT_EMIT_LOC_STRINGS = YES;
				SWIFT_VERSION = 5.0;
				TARGETED_DEVICE_FAMILY = "1,2";
				USE_RECURSIVE_SCRIPT_INPUTS_IN_SCRIPT_PHASES = YES;
			};
			name = Release;
		};
		7E80C0F82B4320CB000679ED /* Debug */ = {
			isa = XCBuildConfiguration;
			baseConfigurationReference = EE9BF8786F55DF372064C85F /* Pods-check_itTests.debug.xcconfig */;
			buildSettings = {
				ALWAYS_EMBED_SWIFT_STANDARD_LIBRARIES = YES;
				BUNDLE_LOADER = "$(TEST_HOST)";
				CODE_SIGN_STYLE = Automatic;
				CURRENT_PROJECT_VERSION = 1;
				DEVELOPMENT_TEAM = 3G33A99C47;
				GENERATE_INFOPLIST_FILE = YES;
				IPHONEOS_DEPLOYMENT_TARGET = 17.2;
				MARKETING_VERSION = 1.0;
				PRODUCT_BUNDLE_IDENTIFIER = "com.aob.check-itTests";
				PRODUCT_NAME = "$(TARGET_NAME)";
				SWIFT_EMIT_LOC_STRINGS = NO;
				SWIFT_VERSION = 5.0;
				TARGETED_DEVICE_FAMILY = "1,2";
				TEST_HOST = "$(BUILT_PRODUCTS_DIR)/check_it.app/$(BUNDLE_EXECUTABLE_FOLDER_PATH)/check_it";
			};
			name = Debug;
		};
		7E80C0F92B4320CB000679ED /* Release */ = {
			isa = XCBuildConfiguration;
			baseConfigurationReference = 7CFDA3DE5CFDC0A34C72DE29 /* Pods-check_itTests.release.xcconfig */;
			buildSettings = {
				ALWAYS_EMBED_SWIFT_STANDARD_LIBRARIES = YES;
				BUNDLE_LOADER = "$(TEST_HOST)";
				CODE_SIGN_STYLE = Automatic;
				CURRENT_PROJECT_VERSION = 1;
				DEVELOPMENT_TEAM = 3G33A99C47;
				GENERATE_INFOPLIST_FILE = YES;
				IPHONEOS_DEPLOYMENT_TARGET = 17.2;
				MARKETING_VERSION = 1.0;
				PRODUCT_BUNDLE_IDENTIFIER = "com.aob.check-itTests";
				PRODUCT_NAME = "$(TARGET_NAME)";
				SWIFT_EMIT_LOC_STRINGS = NO;
				SWIFT_VERSION = 5.0;
				TARGETED_DEVICE_FAMILY = "1,2";
				TEST_HOST = "$(BUILT_PRODUCTS_DIR)/check_it.app/$(BUNDLE_EXECUTABLE_FOLDER_PATH)/check_it";
			};
			name = Release;
		};
		7E80C0FB2B4320CB000679ED /* Debug */ = {
			isa = XCBuildConfiguration;
			baseConfigurationReference = B5636720B59A00969A7DA766 /* Pods-check_it-check_itUITests.debug.xcconfig */;
			buildSettings = {
				ALWAYS_EMBED_SWIFT_STANDARD_LIBRARIES = YES;
				CODE_SIGN_STYLE = Automatic;
				CURRENT_PROJECT_VERSION = 1;
				DEVELOPMENT_TEAM = 3G33A99C47;
				GENERATE_INFOPLIST_FILE = YES;
				MARKETING_VERSION = 1.0;
				PRODUCT_BUNDLE_IDENTIFIER = "com.aob.check-itUITests";
				PRODUCT_NAME = "$(TARGET_NAME)";
				SWIFT_EMIT_LOC_STRINGS = NO;
				SWIFT_VERSION = 5.0;
				TARGETED_DEVICE_FAMILY = "1,2";
				TEST_TARGET_NAME = check_it;
			};
			name = Debug;
		};
		7E80C0FC2B4320CB000679ED /* Release */ = {
			isa = XCBuildConfiguration;
			baseConfigurationReference = B786DEA023C0EACFB3ABA636 /* Pods-check_it-check_itUITests.release.xcconfig */;
			buildSettings = {
				ALWAYS_EMBED_SWIFT_STANDARD_LIBRARIES = YES;
				CODE_SIGN_STYLE = Automatic;
				CURRENT_PROJECT_VERSION = 1;
				DEVELOPMENT_TEAM = 3G33A99C47;
				GENERATE_INFOPLIST_FILE = YES;
				MARKETING_VERSION = 1.0;
				PRODUCT_BUNDLE_IDENTIFIER = "com.aob.check-itUITests";
				PRODUCT_NAME = "$(TARGET_NAME)";
				SWIFT_EMIT_LOC_STRINGS = NO;
				SWIFT_VERSION = 5.0;
				TARGETED_DEVICE_FAMILY = "1,2";
				TEST_TARGET_NAME = check_it;
			};
			name = Release;
		};
/* End XCBuildConfiguration section */

/* Begin XCConfigurationList section */
		7E80C0C52B4320CA000679ED /* Build configuration list for PBXProject "check_it" */ = {
			isa = XCConfigurationList;
			buildConfigurations = (
				7E80C0F22B4320CB000679ED /* Debug */,
				7E80C0F32B4320CB000679ED /* Release */,
			);
			defaultConfigurationIsVisible = 0;
			defaultConfigurationName = Release;
		};
		7E80C0F42B4320CB000679ED /* Build configuration list for PBXNativeTarget "check_it" */ = {
			isa = XCConfigurationList;
			buildConfigurations = (
				7E80C0F52B4320CB000679ED /* Debug */,
				7E80C0F62B4320CB000679ED /* Release */,
			);
			defaultConfigurationIsVisible = 0;
			defaultConfigurationName = Release;
		};
		7E80C0F72B4320CB000679ED /* Build configuration list for PBXNativeTarget "check_itTests" */ = {
			isa = XCConfigurationList;
			buildConfigurations = (
				7E80C0F82B4320CB000679ED /* Debug */,
				7E80C0F92B4320CB000679ED /* Release */,
			);
			defaultConfigurationIsVisible = 0;
			defaultConfigurationName = Release;
		};
		7E80C0FA2B4320CB000679ED /* Build configuration list for PBXNativeTarget "check_itUITests" */ = {
			isa = XCConfigurationList;
			buildConfigurations = (
				7E80C0FB2B4320CB000679ED /* Debug */,
				7E80C0FC2B4320CB000679ED /* Release */,
			);
			defaultConfigurationIsVisible = 0;
			defaultConfigurationName = Release;
		};
/* End XCConfigurationList section */
	};
	rootObject = 7E80C0C22B4320CA000679ED /* Project object */;
}
